
Microsoft Visual Studio Solution File, Format Version 12.00
# Visual Studio Version 17
VisualStudioVersion = 17.10.35013.160
MinimumVisualStudioVersion = 10.0.40219.1
Project("{FAE04EC0-301F-11D3-BF4B-00C04F79EFBC}") = "refugeApp", "refugeApp\refugeApp.csproj", "{431F250E-D6FC-43D8-888F-B2E25299160A}"
EndProject
Global
	GlobalSection(SolutionConfigurationPlatforms) = preSolution
		Debug|Any CPU = Debug|Any CPU
		Release|Any CPU = Release|Any CPU
	EndGlobalSection
	GlobalSection(ProjectConfigurationPlatforms) = postSolution
		{431F250E-D6FC-43D8-888F-B2E25299160A}.Debug|Any CPU.ActiveCfg = Debug|Any CPU
		{431F250E-D6FC-43D8-888F-B2E25299160A}.Debug|Any CPU.Build.0 = Debug|Any CPU
		{431F250E-D6FC-43D8-888F-B2E25299160A}.Release|Any CPU.ActiveCfg = Release|Any CPU
		{431F250E-D6FC-43D8-888F-B2E25299160A}.Release|Any CPU.Build.0 = Release|Any CPU
	EndGlobalSection
	GlobalSection(SolutionProperties) = preSolution
		HideSolutionNode = FALSE
	EndGlobalSection
	GlobalSection(ExtensibilityGlobals) = postSolution
		SolutionGuid = {B5767F94-0B8B-4F04-9AD6-635F0357EBB8}
	EndGlobalSection
EndGlobal
